// !$*UTF8*$!
{
	archiveVersion = 1;
	classes = {
	};
	objectVersion = 46;
	objects = {

/* Begin PBXBuildFile section */
		AFB357F21B1831CD0093289D /* main.m in Sources */ = {isa = PBXBuildFile; fileRef = AFB357F11B1831CD0093289D /* main.m */; };
		AFB357F51B1831CD0093289D /* AppDelegate.m in Sources */ = {isa = PBXBuildFile; fileRef = AFB357F41B1831CD0093289D /* AppDelegate.m */; };
		AFB357F81B1831CD0093289D /* MasterViewController.m in Sources */ = {isa = PBXBuildFile; fileRef = AFB357F71B1831CD0093289D /* MasterViewController.m */; };
		AFB357FB1B1831CD0093289D /* DetailViewController.m in Sources */ = {isa = PBXBuildFile; fileRef = AFB357FA1B1831CD0093289D /* DetailViewController.m */; };
		AFB357FE1B1831CD0093289D /* Main.storyboard in Resources */ = {isa = PBXBuildFile; fileRef = AFB357FC1B1831CD0093289D /* Main.storyboard */; };
		AFB358001B1831CD0093289D /* Images.xcassets in Resources */ = {isa = PBXBuildFile; fileRef = AFB357FF1B1831CD0093289D /* Images.xcassets */; };
		AFB358031B1831CD0093289D /* LaunchScreen.xib in Resources */ = {isa = PBXBuildFile; fileRef = AFB358011B1831CD0093289D /* LaunchScreen.xib */; };
		AFB3580F1B1831CD0093289D /* W4D5_FoursquareGCDTests.m in Sources */ = {isa = PBXBuildFile; fileRef = AFB3580E1B1831CD0093289D /* W4D5_FoursquareGCDTests.m */; };
/* End PBXBuildFile section */

/* Begin PBXContainerItemProxy section */
		AFB358091B1831CD0093289D /* PBXContainerItemProxy */ = {
			isa = PBXContainerItemProxy;
			containerPortal = AFB357E41B1831CD0093289D /* Project object */;
			proxyType = 1;
			remoteGlobalIDString = AFB357EB1B1831CD0093289D;
			remoteInfo = "W4D5-FoursquareGCD";
		};
/* End PBXContainerItemProxy section */

/* Begin PBXFileReference section */
		AFB357EC1B1831CD0093289D /* W4D5-FoursquareGCD.app */ = {isa = PBXFileReference; explicitFileType = wrapper.application; includeInIndex = 0; path = "W4D5-FoursquareGCD.app"; sourceTree = BUILT_PRODUCTS_DIR; };
		AFB357F01B1831CD0093289D /* Info.plist */ = {isa = PBXFileReference; lastKnownFileType = text.plist.xml; path = Info.plist; sourceTree = "<group>"; };
		AFB357F11B1831CD0093289D /* main.m */ = {isa = PBXFileReference; lastKnownFileType = sourcecode.c.objc; path = main.m; sourceTree = "<group>"; };
		AFB357F31B1831CD0093289D /* AppDelegate.h */ = {isa = PBXFileReference; lastKnownFileType = sourcecode.c.h; path = AppDelegate.h; sourceTree = "<group>"; };
		AFB357F41B1831CD0093289D /* AppDelegate.m */ = {isa = PBXFileReference; lastKnownFileType = sourcecode.c.objc; path = AppDelegate.m; sourceTree = "<group>"; };
		AFB357F61B1831CD0093289D /* MasterViewController.h */ = {isa = PBXFileReference; lastKnownFileType = sourcecode.c.h; path = MasterViewController.h; sourceTree = "<group>"; };
		AFB357F71B1831CD0093289D /* MasterViewController.m */ = {isa = PBXFileReference; lastKnownFileType = sourcecode.c.objc; path = MasterViewController.m; sourceTree = "<group>"; };
		AFB357F91B1831CD0093289D /* DetailViewController.h */ = {isa = PBXFileReference; lastKnownFileType = sourcecode.c.h; path = DetailViewController.h; sourceTree = "<group>"; };
		AFB357FA1B1831CD0093289D /* DetailViewController.m */ = {isa = PBXFileReference; lastKnownFileType = sourcecode.c.objc; path = DetailViewController.m; sourceTree = "<group>"; };
		AFB357FD1B1831CD0093289D /* Base */ = {isa = PBXFileReference; lastKnownFileType = file.storyboard; name = Base; path = Base.lproj/Main.storyboard; sourceTree = "<group>"; };
		AFB357FF1B1831CD0093289D /* Images.xcassets */ = {isa = PBXFileReference; lastKnownFileType = folder.assetcatalog; path = Images.xcassets; sourceTree = "<group>"; };
		AFB358021B1831CD0093289D /* Base */ = {isa = PBXFileReference; lastKnownFileType = file.xib; name = Base; path = Base.lproj/LaunchScreen.xib; sourceTree = "<group>"; };
		AFB358081B1831CD0093289D /* W4D5-FoursquareGCDTests.xctest */ = {isa = PBXFileReference; explicitFileType = wrapper.cfbundle; includeInIndex = 0; path = "W4D5-FoursquareGCDTests.xctest"; sourceTree = BUILT_PRODUCTS_DIR; };
		AFB3580D1B1831CD0093289D /* Info.plist */ = {isa = PBXFileReference; lastKnownFileType = text.plist.xml; path = Info.plist; sourceTree = "<group>"; };
		AFB3580E1B1831CD0093289D /* W4D5_FoursquareGCDTests.m */ = {isa = PBXFileReference; lastKnownFileType = sourcecode.c.objc; path = W4D5_FoursquareGCDTests.m; sourceTree = "<group>"; };
/* End PBXFileReference section */

/* Begin PBXFrameworksBuildPhase section */
		AFB357E91B1831CD0093289D /* Frameworks */ = {
			isa = PBXFrameworksBuildPhase;
			buildActionMask = 2147483647;
			files = (
			);
			runOnlyForDeploymentPostprocessing = 0;
		};
		AFB358051B1831CD0093289D /* Frameworks */ = {
			isa = PBXFrameworksBuildPhase;
			buildActionMask = 2147483647;
			files = (
			);
			runOnlyForDeploymentPostprocessing = 0;
		};
/* End PBXFrameworksBuildPhase section */

/* Begin PBXGroup section */
		AFB357E31B1831CD0093289D = {
			isa = PBXGroup;
			children = (
				AFB357EE1B1831CD0093289D /* W4D5-FoursquareGCD */,
				AFB3580B1B1831CD0093289D /* W4D5-FoursquareGCDTests */,
				AFB357ED1B1831CD0093289D /* Products */,
			);
			sourceTree = "<group>";
		};
		AFB357ED1B1831CD0093289D /* Products */ = {
			isa = PBXGroup;
			children = (
				AFB357EC1B1831CD0093289D /* W4D5-FoursquareGCD.app */,
				AFB358081B1831CD0093289D /* W4D5-FoursquareGCDTests.xctest */,
			);
			name = Products;
			sourceTree = "<group>";
		};
		AFB357EE1B1831CD0093289D /* W4D5-FoursquareGCD */ = {
			isa = PBXGroup;
			children = (
				AFB357F31B1831CD0093289D /* AppDelegate.h */,
				AFB357F41B1831CD0093289D /* AppDelegate.m */,
				AFB357F61B1831CD0093289D /* MasterViewController.h */,
				AFB357F71B1831CD0093289D /* MasterViewController.m */,
				AFB357F91B1831CD0093289D /* DetailViewController.h */,
				AFB357FA1B1831CD0093289D /* DetailViewController.m */,
				AFB357FC1B1831CD0093289D /* Main.storyboard */,
				AFB357FF1B1831CD0093289D /* Images.xcassets */,
				AFB358011B1831CD0093289D /* LaunchScreen.xib */,
				AFB357EF1B1831CD0093289D /* Supporting Files */,
			);
			path = "W4D5-FoursquareGCD";
			sourceTree = "<group>";
		};
		AFB357EF1B1831CD0093289D /* Supporting Files */ = {
			isa = PBXGroup;
			children = (
				AFB357F01B1831CD0093289D /* Info.plist */,
				AFB357F11B1831CD0093289D /* main.m */,
			);
			name = "Supporting Files";
			sourceTree = "<group>";
		};
		AFB3580B1B1831CD0093289D /* W4D5-FoursquareGCDTests */ = {
			isa = PBXGroup;
			children = (
				AFB3580E1B1831CD0093289D /* W4D5_FoursquareGCDTests.m */,
				AFB3580C1B1831CD0093289D /* Supporting Files */,
			);
			path = "W4D5-FoursquareGCDTests";
			sourceTree = "<group>";
		};
		AFB3580C1B1831CD0093289D /* Supporting Files */ = {
			isa = PBXGroup;
			children = (
				AFB3580D1B1831CD0093289D /* Info.plist */,
			);
			name = "Supporting Files";
			sourceTree = "<group>";
		};
/* End PBXGroup section */

/* Begin PBXNativeTarget section */
		AFB357EB1B1831CD0093289D /* W4D5-FoursquareGCD */ = {
			isa = PBXNativeTarget;
			buildConfigurationList = AFB358121B1831CD0093289D /* Build configuration list for PBXNativeTarget "W4D5-FoursquareGCD" */;
			buildPhases = (
				AFB357E81B1831CD0093289D /* Sources */,
				AFB357E91B1831CD0093289D /* Frameworks */,
				AFB357EA1B1831CD0093289D /* Resources */,
			);
			buildRules = (
			);
			dependencies = (
			);
			name = "W4D5-FoursquareGCD";
			productName = "W4D5-FoursquareGCD";
			productReference = AFB357EC1B1831CD0093289D /* W4D5-FoursquareGCD.app */;
			productType = "com.apple.product-type.application";
		};
		AFB358071B1831CD0093289D /* W4D5-FoursquareGCDTests */ = {
			isa = PBXNativeTarget;
			buildConfigurationList = AFB358151B1831CD0093289D /* Build configuration list for PBXNativeTarget "W4D5-FoursquareGCDTests" */;
			buildPhases = (
				AFB358041B1831CD0093289D /* Sources */,
				AFB358051B1831CD0093289D /* Frameworks */,
				AFB358061B1831CD0093289D /* Resources */,
			);
			buildRules = (
			);
			dependencies = (
				AFB3580A1B1831CD0093289D /* PBXTargetDependency */,
			);
			name = "W4D5-FoursquareGCDTests";
			productName = "W4D5-FoursquareGCDTests";
			productReference = AFB358081B1831CD0093289D /* W4D5-FoursquareGCDTests.xctest */;
			productType = "com.apple.product-type.bundle.unit-test";
		};
/* End PBXNativeTarget section */

/* Begin PBXProject section */
		AFB357E41B1831CD0093289D /* Project object */ = {
			isa = PBXProject;
			attributes = {
				LastUpgradeCheck = 0630;
				ORGANIZATIONNAME = ca.lighthouselabs;
				TargetAttributes = {
					AFB357EB1B1831CD0093289D = {
						CreatedOnToolsVersion = 6.3.1;
					};
					AFB358071B1831CD0093289D = {
						CreatedOnToolsVersion = 6.3.1;
						TestTargetID = AFB357EB1B1831CD0093289D;
					};
				};
			};
			buildConfigurationList = AFB357E71B1831CD0093289D /* Build configuration list for PBXProject "W4D5-FoursquareGCD" */;
			compatibilityVersion = "Xcode 3.2";
			developmentRegion = English;
			hasScannedForEncodings = 0;
			knownRegions = (
				en,
				Base,
			);
			mainGroup = AFB357E31B1831CD0093289D;
			productRefGroup = AFB357ED1B1831CD0093289D /* Products */;
			projectDirPath = "";
			projectRoot = "";
			targets = (
				AFB357EB1B1831CD0093289D /* W4D5-FoursquareGCD */,
				AFB358071B1831CD0093289D /* W4D5-FoursquareGCDTests */,
			);
		};
/* End PBXProject section */

/* Begin PBXResourcesBuildPhase section */
		AFB357EA1B1831CD0093289D /* Resources */ = {
			isa = PBXResourcesBuildPhase;
			buildActionMask = 2147483647;
			files = (
				AFB357FE1B1831CD0093289D /* Main.storyboard in Resources */,
				AFB358031B1831CD0093289D /* LaunchScreen.xib in Resources */,
				AFB358001B1831CD0093289D /* Images.xcassets in Resources */,
			);
			runOnlyForDeploymentPostprocessing = 0;
		};
		AFB358061B1831CD0093289D /* Resources */ = {
			isa = PBXResourcesBuildPhase;
			buildActionMask = 2147483647;
			files = (
			);
			runOnlyForDeploymentPostprocessing = 0;
		};
/* End PBXResourcesBuildPhase section */

/* Begin PBXSourcesBuildPhase section */
		AFB357E81B1831CD0093289D /* Sources */ = {
			isa = PBXSourcesBuildPhase;
			buildActionMask = 2147483647;
			files = (
				AFB357F51B1831CD0093289D /* AppDelegate.m in Sources */,
				AFB357F81B1831CD0093289D /* MasterViewController.m in Sources */,
				AFB357F21B1831CD0093289D /* main.m in Sources */,
				AFB357FB1B1831CD0093289D /* DetailViewController.m in Sources */,
			);
			runOnlyForDeploymentPostprocessing = 0;
		};
		AFB358041B1831CD0093289D /* Sources */ = {
			isa = PBXSourcesBuildPhase;
			buildActionMask = 2147483647;
			files = (
				AFB3580F1B1831CD0093289D /* W4D5_FoursquareGCDTests.m in Sources */,
			);
			runOnlyForDeploymentPostprocessing = 0;
		};
/* End PBXSourcesBuildPhase section */

/* Begin PBXTargetDependency section */
		AFB3580A1B1831CD0093289D /* PBXTargetDependency */ = {
			isa = PBXTargetDependency;
			target = AFB357EB1B1831CD0093289D /* W4D5-FoursquareGCD */;
			targetProxy = AFB358091B1831CD0093289D /* PBXContainerItemProxy */;
		};
/* End PBXTargetDependency section */

/* Begin PBXVariantGroup section */
		AFB357FC1B1831CD0093289D /* Main.storyboard */ = {
			isa = PBXVariantGroup;
			children = (
				AFB357FD1B1831CD0093289D /* Base */,
			);
			name = Main.storyboard;
			sourceTree = "<group>";
		};
		AFB358011B1831CD0093289D /* LaunchScreen.xib */ = {
			isa = PBXVariantGroup;
			children = (
				AFB358021B1831CD0093289D /* Base */,
			);
			name = LaunchScreen.xib;
			sourceTree = "<group>";
		};
/* End PBXVariantGroup section */

/* Begin XCBuildConfiguration section */
		AFB358101B1831CD0093289D /* Debug */ = {
			isa = XCBuildConfiguration;
			buildSettings = {
				ALWAYS_SEARCH_USER_PATHS = NO;
				CLANG_CXX_LANGUAGE_STANDARD = "gnu++0x";
				CLANG_CXX_LIBRARY = "libc++";
				CLANG_ENABLE_MODULES = YES;
				CLANG_ENABLE_OBJC_ARC = YES;
				CLANG_WARN_BOOL_CONVERSION = YES;
				CLANG_WARN_CONSTANT_CONVERSION = YES;
				CLANG_WARN_DIRECT_OBJC_ISA_USAGE = YES_ERROR;
				CLANG_WARN_EMPTY_BODY = YES;
				CLANG_WARN_ENUM_CONVERSION = YES;
				CLANG_WARN_INT_CONVERSION = YES;
				CLANG_WARN_OBJC_ROOT_CLASS = YES_ERROR;
				CLANG_WARN_UNREACHABLE_CODE = YES;
				CLANG_WARN__DUPLICATE_METHOD_MATCH = YES;
				"CODE_SIGN_IDENTITY[sdk=iphoneos*]" = "iPhone Developer";
				COPY_PHASE_STRIP = NO;
				DEBUG_INFORMATION_FORMAT = "dwarf-with-dsym";
				ENABLE_STRICT_OBJC_MSGSEND = YES;
				GCC_C_LANGUAGE_STANDARD = gnu99;
				GCC_DYNAMIC_NO_PIC = NO;
				GCC_NO_COMMON_BLOCKS = YES;
				GCC_OPTIMIZATION_LEVEL = 0;
				GCC_PREPROCESSOR_DEFINITIONS = (
					"DEBUG=1",
					"$(inherited)",
				);
				GCC_SYMBOLS_PRIVATE_EXTERN = NO;
				GCC_WARN_64_TO_32_BIT_CONVERSION = YES;
				GCC_WARN_ABOUT_RETURN_TYPE = YES_ERROR;
				GCC_WARN_UNDECLARED_SELECTOR = YES;
				GCC_WARN_UNINITIALIZED_AUTOS = YES_AGGRESSIVE;
				GCC_WARN_UNUSED_FUNCTION = YES;
				GCC_WARN_UNUSED_VARIABLE = YES;
				IPHONEOS_DEPLOYMENT_TARGET = 8.3;
				MTL_ENABLE_DEBUG_INFO = YES;
				ONLY_ACTIVE_ARCH = YES;
				SDKROOT = iphoneos;
			};
			name = Debug;
		};
		AFB358111B1831CD0093289D /* Release */ = {
			isa = XCBuildConfiguration;
			buildSettings = {
				ALWAYS_SEARCH_USER_PATHS = NO;
				CLANG_CXX_LANGUAGE_STANDARD = "gnu++0x";
				CLANG_CXX_LIBRARY = "libc++";
				CLANG_ENABLE_MODULES = YES;
				CLANG_ENABLE_OBJC_ARC = YES;
				CLANG_WARN_BOOL_CONVERSION = YES;
				CLANG_WARN_CONSTANT_CONVERSION = YES;
				CLANG_WARN_DIRECT_OBJC_ISA_USAGE = YES_ERROR;
				CLANG_WARN_EMPTY_BODY = YES;
				CLANG_WARN_ENUM_CONVERSION = YES;
				CLANG_WARN_INT_CONVERSION = YES;
				CLANG_WARN_OBJC_ROOT_CLASS = YES_ERROR;
				CLANG_WARN_UNREACHABLE_CODE = YES;
				CLANG_WARN__DUPLICATE_METHOD_MATCH = YES;
				"CODE_SIGN_IDENTITY[sdk=iphoneos*]" = "iPhone Developer";
				COPY_PHASE_STRIP = NO;
				DEBUG_INFORMATION_FORMAT = "dwarf-with-dsym";
				ENABLE_NS_ASSERTIONS = NO;
				ENABLE_STRICT_OBJC_MSGSEND = YES;
				GCC_C_LANGUAGE_STANDARD = gnu99;
				GCC_NO_COMMON_BLOCKS = YES;
				GCC_WARN_64_TO_32_BIT_CONVERSION = YES;
				GCC_WARN_ABOUT_RETURN_TYPE = YES_ERROR;
				GCC_WARN_UNDECLARED_SELECTOR = YES;
				GCC_WARN_UNINITIALIZED_AUTOS = YES_AGGRESSIVE;
				GCC_WARN_UNUSED_FUNCTION = YES;
				GCC_WARN_UNUSED_VARIABLE = YES;
				IPHONEOS_DEPLOYMENT_TARGET = 8.3;
				MTL_ENABLE_DEBUG_INFO = NO;
				SDKROOT = iphoneos;
				VALIDATE_PRODUCT = YES;
			};
			name = Release;
		};
		AFB358131B1831CD0093289D /* Debug */ = {
			isa = XCBuildConfiguration;
			buildSettings = {
				ASSETCATALOG_COMPILER_APPICON_NAME = AppIcon;
				INFOPLIST_FILE = "W4D5-FoursquareGCD/Info.plist";
				LD_RUNPATH_SEARCH_PATHS = "$(inherited) @executable_path/Frameworks";
				PRODUCT_NAME = "$(TARGET_NAME)";
			};
			name = Debug;
		};
		AFB358141B1831CD0093289D /* Release */ = {
			isa = XCBuildConfiguration;
			buildSettings = {
				ASSETCATALOG_COMPILER_APPICON_NAME = AppIcon;
				INFOPLIST_FILE = "W4D5-FoursquareGCD/Info.plist";
				LD_RUNPATH_SEARCH_PATHS = "$(inherited) @executable_path/Frameworks";
				PRODUCT_NAME = "$(TARGET_NAME)";
			};
			name = Release;
		};
		AFB358161B1831CD0093289D /* Debug */ = {
			isa = XCBuildConfiguration;
			buildSettings = {
				BUNDLE_LOADER = "$(TEST_HOST)";
				FRAMEWORK_SEARCH_PATHS = (
					"$(SDKROOT)/Developer/Library/Frameworks",
					"$(inherited)",
				);
				GCC_PREPROCESSOR_DEFINITIONS = (
					"DEBUG=1",
					"$(inherited)",
				);
				INFOPLIST_FILE = "W4D5-FoursquareGCDTests/Info.plist";
				LD_RUNPATH_SEARCH_PATHS = "$(inherited) @executable_path/Frameworks @loader_path/Frameworks";
				PRODUCT_NAME = "$(TARGET_NAME)";
				TEST_HOST = "$(BUILT_PRODUCTS_DIR)/W4D5-FoursquareGCD.app/W4D5-FoursquareGCD";
			};
			name = Debug;
		};
		AFB358171B1831CD0093289D /* Release */ = {
			isa = XCBuildConfiguration;
			buildSettings = {
				BUNDLE_LOADER = "$(TEST_HOST)";
				FRAMEWORK_SEARCH_PATHS = (
					"$(SDKROOT)/Developer/Library/Frameworks",
					"$(inherited)",
				);
				INFOPLIST_FILE = "W4D5-FoursquareGCDTests/Info.plist";
				LD_RUNPATH_SEARCH_PATHS = "$(inherited) @executable_path/Frameworks @loader_path/Frameworks";
				PRODUCT_NAME = "$(TARGET_NAME)";
				TEST_HOST = "$(BUILT_PRODUCTS_DIR)/W4D5-FoursquareGCD.app/W4D5-FoursquareGCD";
			};
			name = Release;
		};
/* End XCBuildConfiguration section */

/* Begin XCConfigurationList section */
		AFB357E71B1831CD0093289D /* Build configuration list for PBXProject "W4D5-FoursquareGCD" */ = {
			isa = XCConfigurationList;
			buildConfigurations = (
				AFB358101B1831CD0093289D /* Debug */,
				AFB358111B1831CD0093289D /* Release */,
			);
			defaultConfigurationIsVisible = 0;
			defaultConfigurationName = Release;
		};
		AFB358121B1831CD0093289D /* Build configuration list for PBXNativeTarget "W4D5-FoursquareGCD" */ = {
			isa = XCConfigurationList;
			buildConfigurations = (
				AFB358131B1831CD0093289D /* Debug */,
				AFB358141B1831CD0093289D /* Release */,
			);
			defaultConfigurationIsVisible = 0;
		};
		AFB358151B1831CD0093289D /* Build configuration list for PBXNativeTarget "W4D5-FoursquareGCDTests" */ = {
			isa = XCConfigurationList;
			buildConfigurations = (
				AFB358161B1831CD0093289D /* Debug */,
				AFB358171B1831CD0093289D /* Release */,
			);
			defaultConfigurationIsVisible = 0;
		};
/* End XCConfigurationList section */
	};
	rootObject = AFB357E41B1831CD0093289D /* Project object */;
}
